
Microsoft Visual Studio Solution File, Format Version 12.00
# Visual Studio Version 17
VisualStudioVersion = 17.9.34701.34
MinimumVisualStudioVersion = 10.0.40219.1
Project("{FAE04EC0-301F-11D3-BF4B-00C04F79EFBC}") = "Delegates-Practice", "Delegates-Practice\Delegates-Practice.csproj", "{D1C075B9-409F-476E-858D-DF38DC70BFC6}"
EndProject
Global
	GlobalSection(SolutionConfigurationPlatforms) = preSolution
		Debug|Any CPU = Debug|Any CPU
		Release|Any CPU = Release|Any CPU
	EndGlobalSection
	GlobalSection(ProjectConfigurationPlatforms) = postSolution
		{D1C075B9-409F-476E-858D-DF38DC70BFC6}.Debug|Any CPU.ActiveCfg = Debug|Any CPU
		{D1C075B9-409F-476E-858D-DF38DC70BFC6}.Debug|Any CPU.Build.0 = Debug|Any CPU
		{D1C075B9-409F-476E-858D-DF38DC70BFC6}.Release|Any CPU.ActiveCfg = Release|Any CPU
		{D1C075B9-409F-476E-858D-DF38DC70BFC6}.Release|Any CPU.Build.0 = Release|Any CPU
	EndGlobalSection
	GlobalSection(SolutionProperties) = preSolution
		HideSolutionNode = FALSE
	EndGlobalSection
	GlobalSection(ExtensibilityGlobals) = postSolution
		SolutionGuid = {D0F49A22-CE6C-4340-8539-001E6F715C6D}
	EndGlobalSection
EndGlobal
